{
  "nodes": {
    "nixpkgs": {
      "locked": {
        "lastModified": 1761778511,
        "narHash": "sha256-1w88ef+2CAecEXEOHMepG1RsjfKg7ZdxNMfy41pbG+Q=",
        "owner": "NixOS",
        "repo": "nixpkgs",
        "rev": "a08ea2f448249d90120a51a6e73eec7377f0658d",
        "type": "github"
      },
      "original": {
        "owner": "NixOS",
        "repo": "nixpkgs",
        "type": "github"
      }
    },
    "root": {
      "inputs": {
        "nixpkgs": "nixpkgs"
      }
    }
  },
  "root": "root",
  "version": 7
}
